
Microsoft Visual Studio Solution File, Format Version 12.00
# Visual Studio Version 17
VisualStudioVersion = 17.0.32112.339
MinimumVisualStudioVersion = 10.0.40219.1
Project("{FAE04EC0-301F-11D3-BF4B-00C04F79EFBC}") = "Address_Book", "Address_Book.csproj", "{18CCA176-B4B5-49D7-AE46-98BD3EA388EC}"
EndProject
Global
	GlobalSection(SolutionConfigurationPlatforms) = preSolution
		Debug|Any CPU = Debug|Any CPU
		Release|Any CPU = Release|Any CPU
	EndGlobalSection
	GlobalSection(ProjectConfigurationPlatforms) = postSolution
		{18CCA176-B4B5-49D7-AE46-98BD3EA388EC}.Debug|Any CPU.ActiveCfg = Debug|Any CPU
		{18CCA176-B4B5-49D7-AE46-98BD3EA388EC}.Debug|Any CPU.Build.0 = Debug|Any CPU
		{18CCA176-B4B5-49D7-AE46-98BD3EA388EC}.Release|Any CPU.ActiveCfg = Release|Any CPU
		{18CCA176-B4B5-49D7-AE46-98BD3EA388EC}.Release|Any CPU.Build.0 = Release|Any CPU
	EndGlobalSection
	GlobalSection(SolutionProperties) = preSolution
		HideSolutionNode = FALSE
	EndGlobalSection
	GlobalSection(ExtensibilityGlobals) = postSolution
		SolutionGuid = {43C5DE43-F433-4664-86AE-80AD70669882}
	EndGlobalSection
EndGlobal
